// !$*UTF8*$!
{
	archiveVersion = 1;
	classes = {
	};
	objectVersion = 54;
	objects = {

/* Begin PBXBuildFile section */
		113C8A210BCB26A3BF2711B6 /* libPods-MoEngageExpoRichPush.a in Frameworks */ = {isa = PBXBuildFile; fileRef = E6341662750925C877E0519B /* libPods-MoEngageExpoRichPush.a */; };
		13B07FBF1A68108700A75B9A /* Images.xcassets in Resources */ = {isa = PBXBuildFile; fileRef = 13B07FB51A68108700A75B9A /* Images.xcassets */; };
		30D514AE10B7422EA7F0055A /* NotificationService.swift in Sources */ = {isa = PBXBuildFile; fileRef = ECF188259F1D4B1E886CCB9A /* NotificationService.swift */; };
		3C9F931A83AE490587574631 /* UserNotifications.framework in Frameworks */ = {isa = PBXBuildFile; fileRef = 3864C086CBDE443E89226EC1 /* UserNotifications.framework */; };
		3E461D99554A48A4959DE609 /* SplashScreen.storyboard in Resources */ = {isa = PBXBuildFile; fileRef = AA286B85B6C04FC6940260E9 /* SplashScreen.storyboard */; };
		3FF05F1FB3714E83A981CD8F /* UserNotificationsUI.framework in Frameworks */ = {isa = PBXBuildFile; fileRef = 6A3E570C64024DFC99265588 /* UserNotificationsUI.framework */; };
		46E653B1332B64ED2BDC7217 /* libPods-MoEngageExpoPushTemplates.a in Frameworks */ = {isa = PBXBuildFile; fileRef = 0A38197808832DD52946857A /* libPods-MoEngageExpoPushTemplates.a */; };
		4EDF2308A0437AD9B352D48E /* libPods-OZiva.a in Frameworks */ = {isa = PBXBuildFile; fileRef = 0E96770BEE87395973F54D5C /* libPods-OZiva.a */; };
		8D5B16AA68E25D3C66246075 /* PrivacyInfo.xcprivacy in Resources */ = {isa = PBXBuildFile; fileRef = 2EFD7CE1F2D611B370EE3408 /* PrivacyInfo.xcprivacy */; };
		A599DB09AB6382E253834191 /* ExpoModulesProvider.swift in Sources */ = {isa = PBXBuildFile; fileRef = 4FE441F7B513FEA9C8E9B7C9 /* ExpoModulesProvider.swift */; };
		AE05D3A991EB4174B39BBD3B /* UserNotifications.framework in Frameworks */ = {isa = PBXBuildFile; fileRef = 8F1299B0C56D4A33B767389D /* UserNotifications.framework */; };
		B6880D7383CC45B98600ED35 /* MainInterface.storyboard in Resources */ = {isa = PBXBuildFile; fileRef = C6FC56338AE54121AED5A31C /* MainInterface.storyboard */; };
		B6EB8A7FA8504DA5BA9CDE59 /* MoEngageExpoRichPush.appex in Copy Files */ = {isa = PBXBuildFile; fileRef = 250DBC6A194740109AF58A39 /* MoEngageExpoRichPush.appex */; };
		BB2F792D24A3F905000567C9 /* Expo.plist in Resources */ = {isa = PBXBuildFile; fileRef = BB2F792C24A3F905000567C9 /* Expo.plist */; };
		F11748422D0307B40044C1D9 /* AppDelegate.swift in Sources */ = {isa = PBXBuildFile; fileRef = F11748412D0307B40044C1D9 /* AppDelegate.swift */; };
		F176976D26E44AE1AD15F241 /* MoEngageExpoPushTemplates.appex in Copy Files */ = {isa = PBXBuildFile; fileRef = EF5BBC043E5F414794B946F1 /* MoEngageExpoPushTemplates.appex */; };
		FEB2EBD988324BCAB529A314 /* NotificationViewController.swift in Sources */ = {isa = PBXBuildFile; fileRef = 0797CE8C0F4D43959E665023 /* NotificationViewController.swift */; };
/* End PBXBuildFile section */

/* Begin PBXContainerItemProxy section */
		654B14F68E9C448297CEBD08 /* PBXContainerItemProxy */ = {
			isa = PBXContainerItemProxy;
			containerPortal = 83CBB9F71A601CBA00E9B192 /* Project object */;
			proxyType = 1;
			remoteGlobalIDString = FDA6B8C14CE9414CBFEBA241;
			remoteInfo = MoEngageExpoRichPush;
		};
		8230D465A7634C558A15D2CA /* PBXContainerItemProxy */ = {
			isa = PBXContainerItemProxy;
			containerPortal = 83CBB9F71A601CBA00E9B192 /* Project object */;
			proxyType = 1;
			remoteGlobalIDString = 7B01FC2825C44F75996062C4;
			remoteInfo = MoEngageExpoPushTemplates;
		};
/* End PBXContainerItemProxy section */

/* Begin PBXCopyFilesBuildPhase section */
		5579EA0A1AF44F8C9FC34FFF /* Copy Files */ = {
			isa = PBXCopyFilesBuildPhase;
			buildActionMask = 2147483647;
			dstPath = "";
			dstSubfolderSpec = 13;
			files = (
				B6EB8A7FA8504DA5BA9CDE59 /* MoEngageExpoRichPush.appex in Copy Files */,
				F176976D26E44AE1AD15F241 /* MoEngageExpoPushTemplates.appex in Copy Files */,
			);
			name = "Copy Files";
			runOnlyForDeploymentPostprocessing = 0;
		};
		A1C10CD8DF2942129D8BA25A /* Copy Files */ = {
			isa = PBXCopyFilesBuildPhase;
			buildActionMask = 2147483647;
			dstPath = "";
			dstSubfolderSpec = 13;
			files = (
			);
			name = "Copy Files";
			runOnlyForDeploymentPostprocessing = 0;
		};
/* End PBXCopyFilesBuildPhase section */

/* Begin PBXFileReference section */
		0797CE8C0F4D43959E665023 /* NotificationViewController.swift */ = {isa = PBXFileReference; explicitFileType = undefined; fileEncoding = 4; includeInIndex = 0; lastKnownFileType = sourcecode.swift; name = NotificationViewController.swift; path = NotificationViewController.swift; sourceTree = "<group>"; };
		0A38197808832DD52946857A /* libPods-MoEngageExpoPushTemplates.a */ = {isa = PBXFileReference; explicitFileType = archive.ar; includeInIndex = 0; path = "libPods-MoEngageExpoPushTemplates.a"; sourceTree = BUILT_PRODUCTS_DIR; };
		0A4CA5E97E8F49A785AD7E38 /* MoEngageExpoRichPush-Info.plist */ = {isa = PBXFileReference; explicitFileType = undefined; fileEncoding = 4; includeInIndex = 0; lastKnownFileType = text.plist.xml; name = "MoEngageExpoRichPush-Info.plist"; path = "MoEngageExpoRichPush-Info.plist"; sourceTree = "<group>"; };
		0E96770BEE87395973F54D5C /* libPods-OZiva.a */ = {isa = PBXFileReference; explicitFileType = archive.ar; includeInIndex = 0; path = "libPods-OZiva.a"; sourceTree = BUILT_PRODUCTS_DIR; };
		11B96951FD274C1FB1571A57 /* MoEngageExpoPushTemplates-Info.plist */ = {isa = PBXFileReference; explicitFileType = undefined; fileEncoding = 4; includeInIndex = 0; lastKnownFileType = text.plist.xml; name = "MoEngageExpoPushTemplates-Info.plist"; path = "MoEngageExpoPushTemplates-Info.plist"; sourceTree = "<group>"; };
		13B07F961A680F5B00A75B9A /* OZiva.app */ = {isa = PBXFileReference; explicitFileType = wrapper.application; includeInIndex = 0; path = OZiva.app; sourceTree = BUILT_PRODUCTS_DIR; };
		13B07FB51A68108700A75B9A /* Images.xcassets */ = {isa = PBXFileReference; lastKnownFileType = folder.assetcatalog; name = Images.xcassets; path = OZiva/Images.xcassets; sourceTree = "<group>"; };
		13B07FB61A68108700A75B9A /* Info.plist */ = {isa = PBXFileReference; fileEncoding = 4; lastKnownFileType = text.plist.xml; name = Info.plist; path = OZiva/Info.plist; sourceTree = "<group>"; };
		23469AC004F485FE51A4E7CD /* Pods-MoEngageExpoRichPush.debug.xcconfig */ = {isa = PBXFileReference; includeInIndex = 1; lastKnownFileType = text.xcconfig; name = "Pods-MoEngageExpoRichPush.debug.xcconfig"; path = "Target Support Files/Pods-MoEngageExpoRichPush/Pods-MoEngageExpoRichPush.debug.xcconfig"; sourceTree = "<group>"; };
		250DBC6A194740109AF58A39 /* MoEngageExpoRichPush.appex */ = {isa = PBXFileReference; explicitFileType = "wrapper.app-extension"; fileEncoding = undefined; includeInIndex = 0; lastKnownFileType = undefined; name = MoEngageExpoRichPush.appex; path = MoEngageExpoRichPush.appex; sourceTree = BUILT_PRODUCTS_DIR; };
		28A2F4FFE8904A558FEBD440 /* MoEngageExpoRichPush.entitlements */ = {isa = PBXFileReference; explicitFileType = undefined; fileEncoding = undefined; includeInIndex = 0; lastKnownFileType = unknown; name = MoEngageExpoRichPush.entitlements; path = MoEngageExpoRichPush.entitlements; sourceTree = "<group>"; };
		2EFD7CE1F2D611B370EE3408 /* PrivacyInfo.xcprivacy */ = {isa = PBXFileReference; includeInIndex = 1; name = PrivacyInfo.xcprivacy; path = OZiva/PrivacyInfo.xcprivacy; sourceTree = "<group>"; };
		3864C086CBDE443E89226EC1 /* UserNotifications.framework */ = {isa = PBXFileReference; explicitFileType = undefined; fileEncoding = undefined; includeInIndex = 0; lastKnownFileType = wrapper.framework; name = UserNotifications.framework; path = System/Library/Frameworks/UserNotifications.framework; sourceTree = SDKROOT; };
		4730A81FFC515C9DDEA19DFB /* Pods-OZiva.debug.xcconfig */ = {isa = PBXFileReference; includeInIndex = 1; lastKnownFileType = text.xcconfig; name = "Pods-OZiva.debug.xcconfig"; path = "Target Support Files/Pods-OZiva/Pods-OZiva.debug.xcconfig"; sourceTree = "<group>"; };
		4FE441F7B513FEA9C8E9B7C9 /* ExpoModulesProvider.swift */ = {isa = PBXFileReference; includeInIndex = 1; lastKnownFileType = sourcecode.swift; name = ExpoModulesProvider.swift; path = "Pods/Target Support Files/Pods-OZiva/ExpoModulesProvider.swift"; sourceTree = "<group>"; };
		575420BEE4052771E73BDAE3 /* Pods-MoEngageExpoPushTemplates.debug.xcconfig */ = {isa = PBXFileReference; includeInIndex = 1; lastKnownFileType = text.xcconfig; name = "Pods-MoEngageExpoPushTemplates.debug.xcconfig"; path = "Target Support Files/Pods-MoEngageExpoPushTemplates/Pods-MoEngageExpoPushTemplates.debug.xcconfig"; sourceTree = "<group>"; };
		6A3E570C64024DFC99265588 /* UserNotificationsUI.framework */ = {isa = PBXFileReference; explicitFileType = undefined; fileEncoding = undefined; includeInIndex = 0; lastKnownFileType = wrapper.framework; name = UserNotificationsUI.framework; path = System/Library/Frameworks/UserNotificationsUI.framework; sourceTree = SDKROOT; };
		8186B5DECE4A489F8EA972D2 /* MoEngageExpoPushTemplates.entitlements */ = {isa = PBXFileReference; explicitFileType = undefined; fileEncoding = undefined; includeInIndex = 0; lastKnownFileType = unknown; name = MoEngageExpoPushTemplates.entitlements; path = MoEngageExpoPushTemplates.entitlements; sourceTree = "<group>"; };
		88CA129C95F1634FC53AA542 /* Pods-OZiva.release.xcconfig */ = {isa = PBXFileReference; includeInIndex = 1; lastKnownFileType = text.xcconfig; name = "Pods-OZiva.release.xcconfig"; path = "Target Support Files/Pods-OZiva/Pods-OZiva.release.xcconfig"; sourceTree = "<group>"; };
		8F1299B0C56D4A33B767389D /* UserNotifications.framework */ = {isa = PBXFileReference; explicitFileType = undefined; fileEncoding = undefined; includeInIndex = 0; lastKnownFileType = wrapper.framework; name = UserNotifications.framework; path = System/Library/Frameworks/UserNotifications.framework; sourceTree = SDKROOT; };
		8F3BA998A326C498E77EE707 /* Pods-MoEngageExpoRichPush.release.xcconfig */ = {isa = PBXFileReference; includeInIndex = 1; lastKnownFileType = text.xcconfig; name = "Pods-MoEngageExpoRichPush.release.xcconfig"; path = "Target Support Files/Pods-MoEngageExpoRichPush/Pods-MoEngageExpoRichPush.release.xcconfig"; sourceTree = "<group>"; };
		AA286B85B6C04FC6940260E9 /* SplashScreen.storyboard */ = {isa = PBXFileReference; fileEncoding = 4; lastKnownFileType = file.storyboard; name = SplashScreen.storyboard; path = OZiva/SplashScreen.storyboard; sourceTree = "<group>"; };
		BB2F792C24A3F905000567C9 /* Expo.plist */ = {isa = PBXFileReference; fileEncoding = 4; lastKnownFileType = text.plist.xml; path = Expo.plist; sourceTree = "<group>"; };
		C6FC56338AE54121AED5A31C /* MainInterface.storyboard */ = {isa = PBXFileReference; explicitFileType = undefined; fileEncoding = undefined; includeInIndex = 0; lastKnownFileType = unknown; name = MainInterface.storyboard; path = MainInterface.storyboard; sourceTree = "<group>"; };
		E6341662750925C877E0519B /* libPods-MoEngageExpoRichPush.a */ = {isa = PBXFileReference; explicitFileType = archive.ar; includeInIndex = 0; path = "libPods-MoEngageExpoRichPush.a"; sourceTree = BUILT_PRODUCTS_DIR; };
		ECF188259F1D4B1E886CCB9A /* NotificationService.swift */ = {isa = PBXFileReference; explicitFileType = undefined; fileEncoding = 4; includeInIndex = 0; lastKnownFileType = sourcecode.swift; name = NotificationService.swift; path = NotificationService.swift; sourceTree = "<group>"; };
		ED297162215061F000B7C4FE /* JavaScriptCore.framework */ = {isa = PBXFileReference; lastKnownFileType = wrapper.framework; name = JavaScriptCore.framework; path = System/Library/Frameworks/JavaScriptCore.framework; sourceTree = SDKROOT; };
		EF5BBC043E5F414794B946F1 /* MoEngageExpoPushTemplates.appex */ = {isa = PBXFileReference; explicitFileType = "wrapper.app-extension"; fileEncoding = undefined; includeInIndex = 0; lastKnownFileType = undefined; name = MoEngageExpoPushTemplates.appex; path = MoEngageExpoPushTemplates.appex; sourceTree = BUILT_PRODUCTS_DIR; };
		EFB2B214AE7B3D1BC4AB98FF /* Pods-MoEngageExpoPushTemplates.release.xcconfig */ = {isa = PBXFileReference; includeInIndex = 1; lastKnownFileType = text.xcconfig; name = "Pods-MoEngageExpoPushTemplates.release.xcconfig"; path = "Target Support Files/Pods-MoEngageExpoPushTemplates/Pods-MoEngageExpoPushTemplates.release.xcconfig"; sourceTree = "<group>"; };
		F11748412D0307B40044C1D9 /* AppDelegate.swift */ = {isa = PBXFileReference; lastKnownFileType = sourcecode.swift; name = AppDelegate.swift; path = OZiva/AppDelegate.swift; sourceTree = "<group>"; };
		F11748442D0722820044C1D9 /* OZiva-Bridging-Header.h */ = {isa = PBXFileReference; lastKnownFileType = sourcecode.c.h; name = "OZiva-Bridging-Header.h"; path = "OZiva/OZiva-Bridging-Header.h"; sourceTree = "<group>"; };
/* End PBXFileReference section */

/* Begin PBXFrameworksBuildPhase section */
		13B07F8C1A680F5B00A75B9A /* Frameworks */ = {
			isa = PBXFrameworksBuildPhase;
			buildActionMask = 2147483647;
			files = (
				4EDF2308A0437AD9B352D48E /* libPods-OZiva.a in Frameworks */,
			);
			runOnlyForDeploymentPostprocessing = 0;
		};
		1E16A541C7E84B9A9E472F46 /* Frameworks */ = {
			isa = PBXFrameworksBuildPhase;
			buildActionMask = 2147483647;
			files = (
				3C9F931A83AE490587574631 /* UserNotifications.framework in Frameworks */,
				3FF05F1FB3714E83A981CD8F /* UserNotificationsUI.framework in Frameworks */,
				46E653B1332B64ED2BDC7217 /* libPods-MoEngageExpoPushTemplates.a in Frameworks */,
			);
			runOnlyForDeploymentPostprocessing = 0;
		};
		23BCE6F058BF43B99A0C24EC /* Frameworks */ = {
			isa = PBXFrameworksBuildPhase;
			buildActionMask = 2147483647;
			files = (
				AE05D3A991EB4174B39BBD3B /* UserNotifications.framework in Frameworks */,
				113C8A210BCB26A3BF2711B6 /* libPods-MoEngageExpoRichPush.a in Frameworks */,
			);
			runOnlyForDeploymentPostprocessing = 0;
		};
/* End PBXFrameworksBuildPhase section */

/* Begin PBXGroup section */
		003DD7DD3317187D751B4C27 /* ExpoModulesProviders */ = {
			isa = PBXGroup;
			children = (
				4DAEC8C22A1C20264521666F /* OZiva */,
			);
			name = ExpoModulesProviders;
			sourceTree = "<group>";
		};
		13B07FAE1A68108700A75B9A /* OZiva */ = {
			isa = PBXGroup;
			children = (
				F11748412D0307B40044C1D9 /* AppDelegate.swift */,
				F11748442D0722820044C1D9 /* OZiva-Bridging-Header.h */,
				BB2F792B24A3F905000567C9 /* Supporting */,
				13B07FB51A68108700A75B9A /* Images.xcassets */,
				13B07FB61A68108700A75B9A /* Info.plist */,
				AA286B85B6C04FC6940260E9 /* SplashScreen.storyboard */,
				2EFD7CE1F2D611B370EE3408 /* PrivacyInfo.xcprivacy */,
			);
			name = OZiva;
			sourceTree = "<group>";
		};
		2D16E6871FA4F8E400B85C8A /* Frameworks */ = {
			isa = PBXGroup;
			children = (
				ED297162215061F000B7C4FE /* JavaScriptCore.framework */,
				0A38197808832DD52946857A /* libPods-MoEngageExpoPushTemplates.a */,
				E6341662750925C877E0519B /* libPods-MoEngageExpoRichPush.a */,
				0E96770BEE87395973F54D5C /* libPods-OZiva.a */,
			);
			name = Frameworks;
			sourceTree = "<group>";
		};
		3BDF1C752232403C9A918675 /* MoEngageExpoRichPush */ = {
			isa = PBXGroup;
			children = (
				ECF188259F1D4B1E886CCB9A /* NotificationService.swift */,
				0A4CA5E97E8F49A785AD7E38 /* MoEngageExpoRichPush-Info.plist */,
				28A2F4FFE8904A558FEBD440 /* MoEngageExpoRichPush.entitlements */,
			);
			name = MoEngageExpoRichPush;
			path = MoEngageExpoRichPush;
			sourceTree = "<group>";
		};
		4DAEC8C22A1C20264521666F /* OZiva */ = {
			isa = PBXGroup;
			children = (
				4FE441F7B513FEA9C8E9B7C9 /* ExpoModulesProvider.swift */,
			);
			name = OZiva;
			sourceTree = "<group>";
		};
		832341AE1AAA6A7D00B99B32 /* Libraries */ = {
			isa = PBXGroup;
			children = (
			);
			name = Libraries;
			sourceTree = "<group>";
		};
		83CBB9F61A601CBA00E9B192 = {
			isa = PBXGroup;
			children = (
				13B07FAE1A68108700A75B9A /* OZiva */,
				832341AE1AAA6A7D00B99B32 /* Libraries */,
				83CBBA001A601CBA00E9B192 /* Products */,
				2D16E6871FA4F8E400B85C8A /* Frameworks */,
				3BDF1C752232403C9A918675 /* MoEngageExpoRichPush */,
				B8085EB2C48D4A9592783376 /* MoEngageExpoPushTemplates */,
				92C8EC01B6A5467D28E094CB /* Pods */,
				003DD7DD3317187D751B4C27 /* ExpoModulesProviders */,
			);
			indentWidth = 2;
			sourceTree = "<group>";
			tabWidth = 2;
			usesTabs = 0;
		};
		83CBBA001A601CBA00E9B192 /* Products */ = {
			isa = PBXGroup;
			children = (
				13B07F961A680F5B00A75B9A /* OZiva.app */,
				250DBC6A194740109AF58A39 /* MoEngageExpoRichPush.appex */,
				EF5BBC043E5F414794B946F1 /* MoEngageExpoPushTemplates.appex */,
			);
			name = Products;
			sourceTree = "<group>";
		};
		92C8EC01B6A5467D28E094CB /* Pods */ = {
			isa = PBXGroup;
			children = (
				575420BEE4052771E73BDAE3 /* Pods-MoEngageExpoPushTemplates.debug.xcconfig */,
				EFB2B214AE7B3D1BC4AB98FF /* Pods-MoEngageExpoPushTemplates.release.xcconfig */,
				23469AC004F485FE51A4E7CD /* Pods-MoEngageExpoRichPush.debug.xcconfig */,
				8F3BA998A326C498E77EE707 /* Pods-MoEngageExpoRichPush.release.xcconfig */,
				4730A81FFC515C9DDEA19DFB /* Pods-OZiva.debug.xcconfig */,
				88CA129C95F1634FC53AA542 /* Pods-OZiva.release.xcconfig */,
			);
			name = Pods;
			path = Pods;
			sourceTree = "<group>";
		};
		B8085EB2C48D4A9592783376 /* MoEngageExpoPushTemplates */ = {
			isa = PBXGroup;
			children = (
				C6FC56338AE54121AED5A31C /* MainInterface.storyboard */,
				0797CE8C0F4D43959E665023 /* NotificationViewController.swift */,
				11B96951FD274C1FB1571A57 /* MoEngageExpoPushTemplates-Info.plist */,
				8186B5DECE4A489F8EA972D2 /* MoEngageExpoPushTemplates.entitlements */,
			);
			name = MoEngageExpoPushTemplates;
			path = MoEngageExpoPushTemplates;
			sourceTree = "<group>";
		};
		BB2F792B24A3F905000567C9 /* Supporting */ = {
			isa = PBXGroup;
			children = (
				BB2F792C24A3F905000567C9 /* Expo.plist */,
			);
			name = Supporting;
			path = OZiva/Supporting;
			sourceTree = "<group>";
		};
/* End PBXGroup section */

/* Begin PBXNativeTarget section */
		13B07F861A680F5B00A75B9A /* OZiva */ = {
			isa = PBXNativeTarget;
			buildConfigurationList = 13B07F931A680F5B00A75B9A /* Build configuration list for PBXNativeTarget "OZiva" */;
			buildPhases = (
				08A4A3CD28434E44B6B9DE2E /* [CP] Check Pods Manifest.lock */,
				BF969A9ADB932E167FD37E57 /* [Expo] Configure project */,
				13B07F871A680F5B00A75B9A /* Sources */,
				13B07F8C1A680F5B00A75B9A /* Frameworks */,
				13B07F8E1A680F5B00A75B9A /* Resources */,
				00DD1BFF1BD5951E006B06BC /* Bundle React Native code and images */,
				800E24972A6A228C8D4807E9 /* [CP] Copy Pods Resources */,
				5579EA0A1AF44F8C9FC34FFF /* Copy Files */,
				A1C10CD8DF2942129D8BA25A /* Copy Files */,
				E6EE816B1244510EC846456A /* [CP] Embed Pods Frameworks */,
			);
			buildRules = (
			);
			dependencies = (
				79223AE9E85344CC8AA71BC9 /* PBXTargetDependency */,
				8C6E2DB8F90F45E384B1AFBB /* PBXTargetDependency */,
			);
			name = OZiva;
			productName = OZiva;
			productReference = 13B07F961A680F5B00A75B9A /* OZiva.app */;
			productType = "com.apple.product-type.application";
		};
		7B01FC2825C44F75996062C4 /* MoEngageExpoPushTemplates */ = {
			isa = PBXNativeTarget;
			buildConfigurationList = 7EEC7EAD0FD747A0B0F23DFE /* Build configuration list for PBXNativeTarget "MoEngageExpoPushTemplates" */;
			buildPhases = (
				93B31F4A5B71577C6358DFAC /* [CP] Check Pods Manifest.lock */,
				A4D6660B039B4692AB497915 /* Sources */,
				C6DED46526C049B880D5D7C0 /* Resources */,
				1E16A541C7E84B9A9E472F46 /* Frameworks */,
			);
			buildRules = (
			);
			dependencies = (
			);
			name = MoEngageExpoPushTemplates;
			productName = MoEngageExpoPushTemplates;
			productReference = EF5BBC043E5F414794B946F1 /* MoEngageExpoPushTemplates.appex */;
			productType = "com.apple.product-type.app-extension";
		};
		FDA6B8C14CE9414CBFEBA241 /* MoEngageExpoRichPush */ = {
			isa = PBXNativeTarget;
			buildConfigurationList = 3BBA968272204826A10CE594 /* Build configuration list for PBXNativeTarget "MoEngageExpoRichPush" */;
			buildPhases = (
				CBEC180B44A689BCA777778C /* [CP] Check Pods Manifest.lock */,
				46BDAE165E2D4440BD91EDCC /* Sources */,
				23BCE6F058BF43B99A0C24EC /* Frameworks */,
			);
			buildRules = (
			);
			dependencies = (
			);
			name = MoEngageExpoRichPush;
			productName = MoEngageExpoRichPush;
			productReference = 250DBC6A194740109AF58A39 /* MoEngageExpoRichPush.appex */;
			productType = "com.apple.product-type.app-extension";
		};
/* End PBXNativeTarget section */

/* Begin PBXProject section */
		83CBB9F71A601CBA00E9B192 /* Project object */ = {
			isa = PBXProject;
			attributes = {
				LastUpgradeCheck = 1130;
				TargetAttributes = {
					13B07F861A680F5B00A75B9A = {
						LastSwiftMigration = 1250;
					};
				};
			};
			buildConfigurationList = 83CBB9FA1A601CBA00E9B192 /* Build configuration list for PBXProject "OZiva" */;
			compatibilityVersion = "Xcode 3.2";
			developmentRegion = en;
			hasScannedForEncodings = 0;
			knownRegions = (
				en,
				Base,
			);
			mainGroup = 83CBB9F61A601CBA00E9B192;
			productRefGroup = 83CBBA001A601CBA00E9B192 /* Products */;
			projectDirPath = "";
			projectRoot = "";
			targets = (
				13B07F861A680F5B00A75B9A /* OZiva */,
				FDA6B8C14CE9414CBFEBA241 /* MoEngageExpoRichPush */,
				7B01FC2825C44F75996062C4 /* MoEngageExpoPushTemplates */,
			);
		};
/* End PBXProject section */

/* Begin PBXResourcesBuildPhase section */
		13B07F8E1A680F5B00A75B9A /* Resources */ = {
			isa = PBXResourcesBuildPhase;
			buildActionMask = 2147483647;
			files = (
				BB2F792D24A3F905000567C9 /* Expo.plist in Resources */,
				13B07FBF1A68108700A75B9A /* Images.xcassets in Resources */,
				3E461D99554A48A4959DE609 /* SplashScreen.storyboard in Resources */,
				8D5B16AA68E25D3C66246075 /* PrivacyInfo.xcprivacy in Resources */,
			);
			runOnlyForDeploymentPostprocessing = 0;
		};
		C6DED46526C049B880D5D7C0 /* Resources */ = {
			isa = PBXResourcesBuildPhase;
			buildActionMask = 2147483647;
			files = (
				B6880D7383CC45B98600ED35 /* MainInterface.storyboard in Resources */,
			);
			runOnlyForDeploymentPostprocessing = 0;
		};
/* End PBXResourcesBuildPhase section */

/* Begin PBXShellScriptBuildPhase section */
		00DD1BFF1BD5951E006B06BC /* Bundle React Native code and images */ = {
			isa = PBXShellScriptBuildPhase;
			alwaysOutOfDate = 1;
			buildActionMask = 2147483647;
			files = (
			);
			inputPaths = (
				"$(SRCROOT)/.xcode.env",
				"$(SRCROOT)/.xcode.env.local",
			);
			name = "Bundle React Native code and images";
			outputPaths = (
			);
			runOnlyForDeploymentPostprocessing = 0;
			shellPath = /bin/sh;
			shellScript = "if [[ -f \"$PODS_ROOT/../.xcode.env\" ]]; then\n  source \"$PODS_ROOT/../.xcode.env\"\nfi\nif [[ -f \"$PODS_ROOT/../.xcode.env.local\" ]]; then\n  source \"$PODS_ROOT/../.xcode.env.local\"\nfi\n\n# The project root by default is one level up from the ios directory\nexport PROJECT_ROOT=\"$PROJECT_DIR\"/..\n\nif [[ \"$CONFIGURATION\" = *Debug* ]]; then\n  export SKIP_BUNDLING=1\nfi\nif [[ -z \"$ENTRY_FILE\" ]]; then\n  # Set the entry JS file using the bundler's entry resolution.\n  export ENTRY_FILE=\"$(\"$NODE_BINARY\" -e \"require('expo/scripts/resolveAppEntry')\" \"$PROJECT_ROOT\" ios absolute | tail -n 1)\"\nfi\n\nif [[ -z \"$CLI_PATH\" ]]; then\n  # Use Expo CLI\n  export CLI_PATH=\"$(\"$NODE_BINARY\" --print \"require.resolve('@expo/cli', { paths: [require.resolve('expo/package.json')] })\")\"\nfi\nif [[ -z \"$BUNDLE_COMMAND\" ]]; then\n  # Default Expo CLI command for bundling\n  export BUNDLE_COMMAND=\"export:embed\"\nfi\n\n# Source .xcode.env.updates if it exists to allow\n# SKIP_BUNDLING to be unset if needed\nif [[ -f \"$PODS_ROOT/../.xcode.env.updates\" ]]; then\n  source \"$PODS_ROOT/../.xcode.env.updates\"\nfi\n# Source local changes to allow overrides\n# if needed\nif [[ -f \"$PODS_ROOT/../.xcode.env.local\" ]]; then\n  source \"$PODS_ROOT/../.xcode.env.local\"\nfi\n\n`\"$NODE_BINARY\" --print \"require('path').dirname(require.resolve('react-native/package.json')) + '/scripts/react-native-xcode.sh'\"`\n\n";
		};
		08A4A3CD28434E44B6B9DE2E /* [CP] Check Pods Manifest.lock */ = {
			isa = PBXShellScriptBuildPhase;
			buildActionMask = 2147483647;
			files = (
			);
			inputFileListPaths = (
			);
			inputPaths = (
				"${PODS_PODFILE_DIR_PATH}/Podfile.lock",
				"${PODS_ROOT}/Manifest.lock",
			);
			name = "[CP] Check Pods Manifest.lock";
			outputFileListPaths = (
			);
			outputPaths = (
				"$(DERIVED_FILE_DIR)/Pods-OZiva-checkManifestLockResult.txt",
			);
			runOnlyForDeploymentPostprocessing = 0;
			shellPath = /bin/sh;
			shellScript = "diff \"${PODS_PODFILE_DIR_PATH}/Podfile.lock\" \"${PODS_ROOT}/Manifest.lock\" > /dev/null\nif [ $? != 0 ] ; then\n    # print error to STDERR\n    echo \"error: The sandbox is not in sync with the Podfile.lock. Run 'pod install' or update your CocoaPods installation.\" >&2\n    exit 1\nfi\n# This output is used by Xcode 'outputs' to avoid re-running this script phase.\necho \"SUCCESS\" > \"${SCRIPT_OUTPUT_FILE_0}\"\n";
			showEnvVarsInLog = 0;
		};
		800E24972A6A228C8D4807E9 /* [CP] Copy Pods Resources */ = {
			isa = PBXShellScriptBuildPhase;
			buildActionMask = 2147483647;
			files = (
			);
			inputPaths = (
				"${PODS_ROOT}/Target Support Files/Pods-OZiva/Pods-OZiva-resources.sh",
				"${PODS_CONFIGURATION_BUILD_DIR}/EXApplication/ExpoApplication_privacy.bundle",
				"${PODS_CONFIGURATION_BUILD_DIR}/EXConstants/EXConstants.bundle",
				"${PODS_CONFIGURATION_BUILD_DIR}/EXConstants/ExpoConstants_privacy.bundle",
				"${PODS_CONFIGURATION_BUILD_DIR}/EXNotifications/ExpoNotifications_privacy.bundle",
				"${PODS_CONFIGURATION_BUILD_DIR}/ExpoFileSystem/ExpoFileSystem_privacy.bundle",
				"${PODS_CONFIGURATION_BUILD_DIR}/ExpoSystemUI/ExpoSystemUI_privacy.bundle",
				"${PODS_CONFIGURATION_BUILD_DIR}/React-Core/React-Core_privacy.bundle",
				"${PODS_CONFIGURATION_BUILD_DIR}/React-cxxreact/React-cxxreact_privacy.bundle",
				"${PODS_CONFIGURATION_BUILD_DIR}/SDWebImage/SDWebImage.bundle",
			);
			name = "[CP] Copy Pods Resources";
			outputPaths = (
				"${TARGET_BUILD_DIR}/${UNLOCALIZED_RESOURCES_FOLDER_PATH}/ExpoApplication_privacy.bundle",
				"${TARGET_BUILD_DIR}/${UNLOCALIZED_RESOURCES_FOLDER_PATH}/EXConstants.bundle",
				"${TARGET_BUILD_DIR}/${UNLOCALIZED_RESOURCES_FOLDER_PATH}/ExpoConstants_privacy.bundle",
				"${TARGET_BUILD_DIR}/${UNLOCALIZED_RESOURCES_FOLDER_PATH}/ExpoNotifications_privacy.bundle",
				"${TARGET_BUILD_DIR}/${UNLOCALIZED_RESOURCES_FOLDER_PATH}/ExpoFileSystem_privacy.bundle",
				"${TARGET_BUILD_DIR}/${UNLOCALIZED_RESOURCES_FOLDER_PATH}/ExpoSystemUI_privacy.bundle",
				"${TARGET_BUILD_DIR}/${UNLOCALIZED_RESOURCES_FOLDER_PATH}/React-Core_privacy.bundle",
				"${TARGET_BUILD_DIR}/${UNLOCALIZED_RESOURCES_FOLDER_PATH}/React-cxxreact_privacy.bundle",
				"${TARGET_BUILD_DIR}/${UNLOCALIZED_RESOURCES_FOLDER_PATH}/SDWebImage.bundle",
			);
			runOnlyForDeploymentPostprocessing = 0;
			shellPath = /bin/sh;
			shellScript = "\"${PODS_ROOT}/Target Support Files/Pods-OZiva/Pods-OZiva-resources.sh\"\n";
			showEnvVarsInLog = 0;
		};
		93B31F4A5B71577C6358DFAC /* [CP] Check Pods Manifest.lock */ = {
			isa = PBXShellScriptBuildPhase;
			buildActionMask = 2147483647;
			files = (
			);
			inputFileListPaths = (
			);
			inputPaths = (
				"${PODS_PODFILE_DIR_PATH}/Podfile.lock",
				"${PODS_ROOT}/Manifest.lock",
			);
			name = "[CP] Check Pods Manifest.lock";
			outputFileListPaths = (
			);
			outputPaths = (
				"$(DERIVED_FILE_DIR)/Pods-MoEngageExpoPushTemplates-checkManifestLockResult.txt",
			);
			runOnlyForDeploymentPostprocessing = 0;
			shellPath = /bin/sh;
			shellScript = "diff \"${PODS_PODFILE_DIR_PATH}/Podfile.lock\" \"${PODS_ROOT}/Manifest.lock\" > /dev/null\nif [ $? != 0 ] ; then\n    # print error to STDERR\n    echo \"error: The sandbox is not in sync with the Podfile.lock. Run 'pod install' or update your CocoaPods installation.\" >&2\n    exit 1\nfi\n# This output is used by Xcode 'outputs' to avoid re-running this script phase.\necho \"SUCCESS\" > \"${SCRIPT_OUTPUT_FILE_0}\"\n";
			showEnvVarsInLog = 0;
		};
		BF969A9ADB932E167FD37E57 /* [Expo] Configure project */ = {
			isa = PBXShellScriptBuildPhase;
			alwaysOutOfDate = 1;
			buildActionMask = 2147483647;
			files = (
			);
			inputFileListPaths = (
			);
			inputPaths = (
				"$(SRCROOT)/.xcode.env",
				"$(SRCROOT)/.xcode.env.local",
				"$(SRCROOT)/OZiva/OZiva.entitlements",
				"$(SRCROOT)/Pods/Target Support Files/Pods-OZiva/expo-configure-project.sh",
			);
			name = "[Expo] Configure project";
			outputFileListPaths = (
			);
			outputPaths = (
				"$(SRCROOT)/Pods/Target Support Files/Pods-OZiva/ExpoModulesProvider.swift",
			);
			runOnlyForDeploymentPostprocessing = 0;
			shellPath = /bin/sh;
			shellScript = "# This script configures Expo modules and generates the modules provider file.\nbash -l -c \"./Pods/Target\\ Support\\ Files/Pods-OZiva/expo-configure-project.sh\"\n";
		};
		CBEC180B44A689BCA777778C /* [CP] Check Pods Manifest.lock */ = {
			isa = PBXShellScriptBuildPhase;
			buildActionMask = 2147483647;
			files = (
			);
			inputFileListPaths = (
			);
			inputPaths = (
				"${PODS_PODFILE_DIR_PATH}/Podfile.lock",
				"${PODS_ROOT}/Manifest.lock",
			);
			name = "[CP] Check Pods Manifest.lock";
			outputFileListPaths = (
			);
			outputPaths = (
				"$(DERIVED_FILE_DIR)/Pods-MoEngageExpoRichPush-checkManifestLockResult.txt",
			);
			runOnlyForDeploymentPostprocessing = 0;
			shellPath = /bin/sh;
			shellScript = "diff \"${PODS_PODFILE_DIR_PATH}/Podfile.lock\" \"${PODS_ROOT}/Manifest.lock\" > /dev/null\nif [ $? != 0 ] ; then\n    # print error to STDERR\n    echo \"error: The sandbox is not in sync with the Podfile.lock. Run 'pod install' or update your CocoaPods installation.\" >&2\n    exit 1\nfi\n# This output is used by Xcode 'outputs' to avoid re-running this script phase.\necho \"SUCCESS\" > \"${SCRIPT_OUTPUT_FILE_0}\"\n";
			showEnvVarsInLog = 0;
		};
		E6EE816B1244510EC846456A /* [CP] Embed Pods Frameworks */ = {
			isa = PBXShellScriptBuildPhase;
			buildActionMask = 2147483647;
			files = (
			);
			inputPaths = (
				"${PODS_ROOT}/Target Support Files/Pods-OZiva/Pods-OZiva-frameworks.sh",
				"${PODS_XCFRAMEWORKS_BUILD_DIR}/MoEngageCampaignsCore/MoEngageCampaignsCore.framework/MoEngageCampaignsCore",
				"${PODS_XCFRAMEWORKS_BUILD_DIR}/MoEngageCore/MoEngageCore.framework/MoEngageCore",
				"${PODS_XCFRAMEWORKS_BUILD_DIR}/MoEngageInApps/MoEngageInApps.framework/MoEngageInApps",
				"${PODS_XCFRAMEWORKS_BUILD_DIR}/MoEngageKMMConditionEvaluator/MoEngageKMMConditionEvaluator.framework/MoEngageKMMConditionEvaluator",
				"${PODS_XCFRAMEWORKS_BUILD_DIR}/MoEngageMessaging/MoEngageMessaging.framework/MoEngageMessaging",
				"${PODS_XCFRAMEWORKS_BUILD_DIR}/MoEngageRealTimeTrigger/MoEngageRealTimeTrigger.framework/MoEngageRealTimeTrigger",
				"${PODS_XCFRAMEWORKS_BUILD_DIR}/MoEngageRichNotification/MoEngageRichNotification.framework/MoEngageRichNotification",
				"${PODS_XCFRAMEWORKS_BUILD_DIR}/MoEngageSDK/MoEngageSDK.framework/MoEngageSDK",
				"${PODS_XCFRAMEWORKS_BUILD_DIR}/MoEngageSecurity/MoEngageSecurity.framework/MoEngageSecurity",
				"${PODS_XCFRAMEWORKS_BUILD_DIR}/MoEngageTriggerEvaluator/MoEngageTriggerEvaluator.framework/MoEngageTriggerEvaluator",
				"${PODS_XCFRAMEWORKS_BUILD_DIR}/React-Core-prebuilt/React.framework/React",
				"${PODS_XCFRAMEWORKS_BUILD_DIR}/ReactNativeDependencies/ReactNativeDependencies.framework/ReactNativeDependencies",
				"${PODS_XCFRAMEWORKS_BUILD_DIR}/hermes-engine/Pre-built/hermes.framework/hermes",
			);
			name = "[CP] Embed Pods Frameworks";
			outputPaths = (
				"${TARGET_BUILD_DIR}/${FRAMEWORKS_FOLDER_PATH}/MoEngageCampaignsCore.framework",
				"${TARGET_BUILD_DIR}/${FRAMEWORKS_FOLDER_PATH}/MoEngageCore.framework",
				"${TARGET_BUILD_DIR}/${FRAMEWORKS_FOLDER_PATH}/MoEngageInApps.framework",
				"${TARGET_BUILD_DIR}/${FRAMEWORKS_FOLDER_PATH}/MoEngageKMMConditionEvaluator.framework",
				"${TARGET_BUILD_DIR}/${FRAMEWORKS_FOLDER_PATH}/MoEngageMessaging.framework",
				"${TARGET_BUILD_DIR}/${FRAMEWORKS_FOLDER_PATH}/MoEngageRealTimeTrigger.framework",
				"${TARGET_BUILD_DIR}/${FRAMEWORKS_FOLDER_PATH}/MoEngageRichNotification.framework",
				"${TARGET_BUILD_DIR}/${FRAMEWORKS_FOLDER_PATH}/MoEngageSDK.framework",
				"${TARGET_BUILD_DIR}/${FRAMEWORKS_FOLDER_PATH}/MoEngageSecurity.framework",
				"${TARGET_BUILD_DIR}/${FRAMEWORKS_FOLDER_PATH}/MoEngageTriggerEvaluator.framework",
				"${TARGET_BUILD_DIR}/${FRAMEWORKS_FOLDER_PATH}/React.framework",
				"${TARGET_BUILD_DIR}/${FRAMEWORKS_FOLDER_PATH}/ReactNativeDependencies.framework",
				"${TARGET_BUILD_DIR}/${FRAMEWORKS_FOLDER_PATH}/hermes.framework",
			);
			runOnlyForDeploymentPostprocessing = 0;
			shellPath = /bin/sh;
			shellScript = "\"${PODS_ROOT}/Target Support Files/Pods-OZiva/Pods-OZiva-frameworks.sh\"\n";
			showEnvVarsInLog = 0;
		};
/* End PBXShellScriptBuildPhase section */

/* Begin PBXSourcesBuildPhase section */
		13B07F871A680F5B00A75B9A /* Sources */ = {
			isa = PBXSourcesBuildPhase;
			buildActionMask = 2147483647;
			files = (
				F11748422D0307B40044C1D9 /* AppDelegate.swift in Sources */,
				A599DB09AB6382E253834191 /* ExpoModulesProvider.swift in Sources */,
			);
			runOnlyForDeploymentPostprocessing = 0;
		};
		46BDAE165E2D4440BD91EDCC /* Sources */ = {
			isa = PBXSourcesBuildPhase;
			buildActionMask = 2147483647;
			files = (
				30D514AE10B7422EA7F0055A /* NotificationService.swift in Sources */,
			);
			runOnlyForDeploymentPostprocessing = 0;
		};
		A4D6660B039B4692AB497915 /* Sources */ = {
			isa = PBXSourcesBuildPhase;
			buildActionMask = 2147483647;
			files = (
				FEB2EBD988324BCAB529A314 /* NotificationViewController.swift in Sources */,
			);
			runOnlyForDeploymentPostprocessing = 0;
		};
/* End PBXSourcesBuildPhase section */

/* Begin PBXTargetDependency section */
		79223AE9E85344CC8AA71BC9 /* PBXTargetDependency */ = {
			isa = PBXTargetDependency;
			target = FDA6B8C14CE9414CBFEBA241 /* MoEngageExpoRichPush */;
			targetProxy = 654B14F68E9C448297CEBD08 /* PBXContainerItemProxy */;
		};
		8C6E2DB8F90F45E384B1AFBB /* PBXTargetDependency */ = {
			isa = PBXTargetDependency;
			target = 7B01FC2825C44F75996062C4 /* MoEngageExpoPushTemplates */;
			targetProxy = 8230D465A7634C558A15D2CA /* PBXContainerItemProxy */;
		};
/* End PBXTargetDependency section */

/* Begin XCBuildConfiguration section */
		13B07F941A680F5B00A75B9A /* Debug */ = {
			isa = XCBuildConfiguration;
			baseConfigurationReference = 4730A81FFC515C9DDEA19DFB /* Pods-OZiva.debug.xcconfig */;
			buildSettings = {
				ASSETCATALOG_COMPILER_APPICON_NAME = AppIcon;
				CLANG_ENABLE_MODULES = YES;
				CODE_SIGN_ENTITLEMENTS = OZiva/OZiva.entitlements;
				CURRENT_PROJECT_VERSION = 1;
				ENABLE_BITCODE = NO;
				GCC_PREPROCESSOR_DEFINITIONS = (
					"$(inherited)",
					"FB_SONARKIT_ENABLED=1",
				);
				INFOPLIST_FILE = OZiva/Info.plist;
				IPHONEOS_DEPLOYMENT_TARGET = 15.1;
				LD_RUNPATH_SEARCH_PATHS = (
					"$(inherited)",
					"@executable_path/Frameworks",
				);
				MARKETING_VERSION = 1.0;
				OTHER_LDFLAGS = (
					"$(inherited)",
					"-ObjC",
					"-lc++",
				);
				OTHER_SWIFT_FLAGS = "$(inherited) -D EXPO_CONFIGURATION_DEBUG";
				PRODUCT_BUNDLE_IDENTIFIER = "com.sayeed-fit.OZiva";
				PRODUCT_NAME = OZiva;
				SWIFT_OBJC_BRIDGING_HEADER = "OZiva/OZiva-Bridging-Header.h";
				SWIFT_OPTIMIZATION_LEVEL = "-Onone";
				SWIFT_VERSION = 5.0;
				TARGETED_DEVICE_FAMILY = "1,2";
				VERSIONING_SYSTEM = "apple-generic";
			};
			name = Debug;
		};
		13B07F951A680F5B00A75B9A /* Release */ = {
			isa = XCBuildConfiguration;
			baseConfigurationReference = 88CA129C95F1634FC53AA542 /* Pods-OZiva.release.xcconfig */;
			buildSettings = {
				ASSETCATALOG_COMPILER_APPICON_NAME = AppIcon;
				CLANG_ENABLE_MODULES = YES;
				CODE_SIGN_ENTITLEMENTS = OZiva/OZiva.entitlements;
				CURRENT_PROJECT_VERSION = 1;
				INFOPLIST_FILE = OZiva/Info.plist;
				IPHONEOS_DEPLOYMENT_TARGET = 15.1;
				LD_RUNPATH_SEARCH_PATHS = (
					"$(inherited)",
					"@executable_path/Frameworks",
				);
				MARKETING_VERSION = 1.0;
				OTHER_LDFLAGS = (
					"$(inherited)",
					"-ObjC",
					"-lc++",
				);
				OTHER_SWIFT_FLAGS = "$(inherited) -D EXPO_CONFIGURATION_RELEASE";
				PRODUCT_BUNDLE_IDENTIFIER = "com.sayeed-fit.OZiva";
				PRODUCT_NAME = OZiva;
				SWIFT_OBJC_BRIDGING_HEADER = "OZiva/OZiva-Bridging-Header.h";
				SWIFT_VERSION = 5.0;
				TARGETED_DEVICE_FAMILY = "1,2";
				VERSIONING_SYSTEM = "apple-generic";
			};
			name = Release;
		};
		76BB1FCBAFB7488A9F2317E9 /* Debug */ = {
			isa = XCBuildConfiguration;
			baseConfigurationReference = 23469AC004F485FE51A4E7CD /* Pods-MoEngageExpoRichPush.debug.xcconfig */;
			buildSettings = {
				CODE_SIGN_ENTITLEMENTS = MoEngageExpoRichPush/MoEngageExpoRichPush.entitlements;
				GCC_PREPROCESSOR_DEFINITIONS = (
					"DEBUG=1",
					"$(inherited)",
				);
				INFOPLIST_FILE = "MoEngageExpoRichPush/MoEngageExpoRichPush-Info.plist";
				LD_RUNPATH_SEARCH_PATHS = (
					"$(inherited)",
					"@executable_path/Frameworks",
					"@executable_path/../../Frameworks",
				);
				MOENGAGE_APP_GROUP = group.com.fitcircle.oziva.MoEngage;
				OTHER_SWIFT_FLAGS = "$(inherited) -D EXPO_CONFIGURATION_DEBUG";
				PRODUCT_BUNDLE_IDENTIFIER = "com.sayeed-fit.OZiva.MoEngageExpoRichPush";
				PRODUCT_NAME = MoEngageExpoRichPush;
				SKIP_INSTALL = YES;
				SWIFT_VERSION = 5.0;
			};
			name = Debug;
		};
		83CBBA201A601CBA00E9B192 /* Debug */ = {
			isa = XCBuildConfiguration;
			buildSettings = {
				ALWAYS_SEARCH_USER_PATHS = NO;
				CLANG_ANALYZER_LOCALIZABILITY_NONLOCALIZED = YES;
				CLANG_CXX_LANGUAGE_STANDARD = "c++20";
				CLANG_CXX_LIBRARY = "libc++";
				CLANG_ENABLE_MODULES = YES;
				CLANG_ENABLE_OBJC_ARC = YES;
				CLANG_WARN_BLOCK_CAPTURE_AUTORELEASING = YES;
				CLANG_WARN_BOOL_CONVERSION = YES;
				CLANG_WARN_COMMA = YES;
				CLANG_WARN_CONSTANT_CONVERSION = YES;
				CLANG_WARN_DEPRECATED_OBJC_IMPLEMENTATIONS = YES;
				CLANG_WARN_DIRECT_OBJC_ISA_USAGE = YES_ERROR;
				CLANG_WARN_EMPTY_BODY = YES;
				CLANG_WARN_ENUM_CONVERSION = YES;
				CLANG_WARN_INFINITE_RECURSION = YES;
				CLANG_WARN_INT_CONVERSION = YES;
				CLANG_WARN_NON_LITERAL_NULL_CONVERSION = YES;
				CLANG_WARN_OBJC_IMPLICIT_RETAIN_SELF = YES;
				CLANG_WARN_OBJC_LITERAL_CONVERSION = YES;
				CLANG_WARN_OBJC_ROOT_CLASS = YES_ERROR;
				CLANG_WARN_RANGE_LOOP_ANALYSIS = YES;
				CLANG_WARN_STRICT_PROTOTYPES = YES;
				CLANG_WARN_SUSPICIOUS_MOVE = YES;
				CLANG_WARN_UNREACHABLE_CODE = YES;
				CLANG_WARN__DUPLICATE_METHOD_MATCH = YES;
				"CODE_SIGN_IDENTITY[sdk=iphoneos*]" = "iPhone Developer";
				COPY_PHASE_STRIP = NO;
				ENABLE_STRICT_OBJC_MSGSEND = YES;
				ENABLE_TESTABILITY = YES;
				GCC_C_LANGUAGE_STANDARD = gnu99;
				GCC_DYNAMIC_NO_PIC = NO;
				GCC_NO_COMMON_BLOCKS = YES;
				GCC_OPTIMIZATION_LEVEL = 0;
				GCC_PREPROCESSOR_DEFINITIONS = (
					"DEBUG=1",
					"$(inherited)",
				);
				GCC_SYMBOLS_PRIVATE_EXTERN = NO;
				GCC_WARN_64_TO_32_BIT_CONVERSION = YES;
				GCC_WARN_ABOUT_RETURN_TYPE = YES_ERROR;
				GCC_WARN_UNDECLARED_SELECTOR = YES;
				GCC_WARN_UNINITIALIZED_AUTOS = YES_AGGRESSIVE;
				GCC_WARN_UNUSED_FUNCTION = YES;
				GCC_WARN_UNUSED_VARIABLE = YES;
				IPHONEOS_DEPLOYMENT_TARGET = 15.1;
				LD_RUNPATH_SEARCH_PATHS = (
					/usr/lib/swift,
					"$(inherited)",
				);
				LIBRARY_SEARCH_PATHS = "$(SDKROOT)/usr/lib/swift\"$(inherited)\"";
				MTL_ENABLE_DEBUG_INFO = YES;
				ONLY_ACTIVE_ARCH = YES;
				REACT_NATIVE_PATH = "${PODS_ROOT}/../../node_modules/react-native";
				SDKROOT = iphoneos;
				SWIFT_ACTIVE_COMPILATION_CONDITIONS = "$(inherited) DEBUG";
				SWIFT_ENABLE_EXPLICIT_MODULES = NO;
				USE_HERMES = true;
			};
			name = Debug;
		};
		83CBBA211A601CBA00E9B192 /* Release */ = {
			isa = XCBuildConfiguration;
			buildSettings = {
				ALWAYS_SEARCH_USER_PATHS = NO;
				CLANG_ANALYZER_LOCALIZABILITY_NONLOCALIZED = YES;
				CLANG_CXX_LANGUAGE_STANDARD = "c++20";
				CLANG_CXX_LIBRARY = "libc++";
				CLANG_ENABLE_MODULES = YES;
				CLANG_ENABLE_OBJC_ARC = YES;
				CLANG_WARN_BLOCK_CAPTURE_AUTORELEASING = YES;
				CLANG_WARN_BOOL_CONVERSION = YES;
				CLANG_WARN_COMMA = YES;
				CLANG_WARN_CONSTANT_CONVERSION = YES;
				CLANG_WARN_DEPRECATED_OBJC_IMPLEMENTATIONS = YES;
				CLANG_WARN_DIRECT_OBJC_ISA_USAGE = YES_ERROR;
				CLANG_WARN_EMPTY_BODY = YES;
				CLANG_WARN_ENUM_CONVERSION = YES;
				CLANG_WARN_INFINITE_RECURSION = YES;
				CLANG_WARN_INT_CONVERSION = YES;
				CLANG_WARN_NON_LITERAL_NULL_CONVERSION = YES;
				CLANG_WARN_OBJC_IMPLICIT_RETAIN_SELF = YES;
				CLANG_WARN_OBJC_LITERAL_CONVERSION = YES;
				CLANG_WARN_OBJC_ROOT_CLASS = YES_ERROR;
				CLANG_WARN_RANGE_LOOP_ANALYSIS = YES;
				CLANG_WARN_STRICT_PROTOTYPES = YES;
				CLANG_WARN_SUSPICIOUS_MOVE = YES;
				CLANG_WARN_UNREACHABLE_CODE = YES;
				CLANG_WARN__DUPLICATE_METHOD_MATCH = YES;
				"CODE_SIGN_IDENTITY[sdk=iphoneos*]" = "iPhone Developer";
				COPY_PHASE_STRIP = YES;
				ENABLE_NS_ASSERTIONS = NO;
				ENABLE_STRICT_OBJC_MSGSEND = YES;
				GCC_C_LANGUAGE_STANDARD = gnu99;
				GCC_NO_COMMON_BLOCKS = YES;
				GCC_WARN_64_TO_32_BIT_CONVERSION = YES;
				GCC_WARN_ABOUT_RETURN_TYPE = YES_ERROR;
				GCC_WARN_UNDECLARED_SELECTOR = YES;
				GCC_WARN_UNINITIALIZED_AUTOS = YES_AGGRESSIVE;
				GCC_WARN_UNUSED_FUNCTION = YES;
				GCC_WARN_UNUSED_VARIABLE = YES;
				IPHONEOS_DEPLOYMENT_TARGET = 15.1;
				LD_RUNPATH_SEARCH_PATHS = (
					/usr/lib/swift,
					"$(inherited)",
				);
				LIBRARY_SEARCH_PATHS = "$(SDKROOT)/usr/lib/swift\"$(inherited)\"";
				MTL_ENABLE_DEBUG_INFO = NO;
				REACT_NATIVE_PATH = "${PODS_ROOT}/../../node_modules/react-native";
				SDKROOT = iphoneos;
				SWIFT_ENABLE_EXPLICIT_MODULES = NO;
				USE_HERMES = true;
				VALIDATE_PRODUCT = YES;
			};
			name = Release;
		};
		9E59A48AD77345AD9E11E869 /* Debug */ = {
			isa = XCBuildConfiguration;
			baseConfigurationReference = 575420BEE4052771E73BDAE3 /* Pods-MoEngageExpoPushTemplates.debug.xcconfig */;
			buildSettings = {
				CODE_SIGN_ENTITLEMENTS = MoEngageExpoPushTemplates/MoEngageExpoPushTemplates.entitlements;
				GCC_PREPROCESSOR_DEFINITIONS = (
					"DEBUG=1",
					"$(inherited)",
				);
				INFOPLIST_FILE = "MoEngageExpoPushTemplates/MoEngageExpoPushTemplates-Info.plist";
				LD_RUNPATH_SEARCH_PATHS = (
					"$(inherited)",
					"@executable_path/Frameworks",
					"@executable_path/../../Frameworks",
				);
				MOENGAGE_APP_GROUP = group.com.fitcircle.oziva.MoEngage;
				OTHER_SWIFT_FLAGS = "$(inherited) -D EXPO_CONFIGURATION_DEBUG";
				PRODUCT_BUNDLE_IDENTIFIER = "com.sayeed-fit.OZiva.MoEngageExpoPushTemplates";
				PRODUCT_NAME = MoEngageExpoPushTemplates;
				SKIP_INSTALL = YES;
				SWIFT_VERSION = 5.0;
			};
			name = Debug;
		};
		A19DEE01F02349CA99B89F19 /* Release */ = {
			isa = XCBuildConfiguration;
			baseConfigurationReference = EFB2B214AE7B3D1BC4AB98FF /* Pods-MoEngageExpoPushTemplates.release.xcconfig */;
			buildSettings = {
				CODE_SIGN_ENTITLEMENTS = MoEngageExpoPushTemplates/MoEngageExpoPushTemplates.entitlements;
				INFOPLIST_FILE = "MoEngageExpoPushTemplates/MoEngageExpoPushTemplates-Info.plist";
				LD_RUNPATH_SEARCH_PATHS = (
					"$(inherited)",
					"@executable_path/Frameworks",
					"@executable_path/../../Frameworks",
				);
				MOENGAGE_APP_GROUP = group.com.fitcircle.oziva.MoEngage;
				OTHER_SWIFT_FLAGS = "$(inherited) -D EXPO_CONFIGURATION_RELEASE";
				PRODUCT_BUNDLE_IDENTIFIER = "com.sayeed-fit.OZiva.MoEngageExpoPushTemplates";
				PRODUCT_NAME = MoEngageExpoPushTemplates;
				SKIP_INSTALL = YES;
				SWIFT_VERSION = 5.0;
			};
			name = Release;
		};
		B1A7350468954FFF9D4C5515 /* Release */ = {
			isa = XCBuildConfiguration;
			baseConfigurationReference = 8F3BA998A326C498E77EE707 /* Pods-MoEngageExpoRichPush.release.xcconfig */;
			buildSettings = {
				CODE_SIGN_ENTITLEMENTS = MoEngageExpoRichPush/MoEngageExpoRichPush.entitlements;
				INFOPLIST_FILE = "MoEngageExpoRichPush/MoEngageExpoRichPush-Info.plist";
				LD_RUNPATH_SEARCH_PATHS = (
					"$(inherited)",
					"@executable_path/Frameworks",
					"@executable_path/../../Frameworks",
				);
				MOENGAGE_APP_GROUP = group.com.fitcircle.oziva.MoEngage;
				OTHER_SWIFT_FLAGS = "$(inherited) -D EXPO_CONFIGURATION_RELEASE";
				PRODUCT_BUNDLE_IDENTIFIER = "com.sayeed-fit.OZiva.MoEngageExpoRichPush";
				PRODUCT_NAME = MoEngageExpoRichPush;
				SKIP_INSTALL = YES;
				SWIFT_VERSION = 5.0;
			};
			name = Release;
		};
/* End XCBuildConfiguration section */

/* Begin XCConfigurationList section */
		13B07F931A680F5B00A75B9A /* Build configuration list for PBXNativeTarget "OZiva" */ = {
			isa = XCConfigurationList;
			buildConfigurations = (
				13B07F941A680F5B00A75B9A /* Debug */,
				13B07F951A680F5B00A75B9A /* Release */,
			);
			defaultConfigurationIsVisible = 0;
			defaultConfigurationName = Release;
		};
		3BBA968272204826A10CE594 /* Build configuration list for PBXNativeTarget "MoEngageExpoRichPush" */ = {
			isa = XCConfigurationList;
			buildConfigurations = (
				76BB1FCBAFB7488A9F2317E9 /* Debug */,
				B1A7350468954FFF9D4C5515 /* Release */,
			);
			defaultConfigurationIsVisible = 0;
			defaultConfigurationName = Release;
		};
		7EEC7EAD0FD747A0B0F23DFE /* Build configuration list for PBXNativeTarget "MoEngageExpoPushTemplates" */ = {
			isa = XCConfigurationList;
			buildConfigurations = (
				9E59A48AD77345AD9E11E869 /* Debug */,
				A19DEE01F02349CA99B89F19 /* Release */,
			);
			defaultConfigurationIsVisible = 0;
			defaultConfigurationName = Release;
		};
		83CBB9FA1A601CBA00E9B192 /* Build configuration list for PBXProject "OZiva" */ = {
			isa = XCConfigurationList;
			buildConfigurations = (
				83CBBA201A601CBA00E9B192 /* Debug */,
				83CBBA211A601CBA00E9B192 /* Release */,
			);
			defaultConfigurationIsVisible = 0;
			defaultConfigurationName = Release;
		};
/* End XCConfigurationList section */
	};
	rootObject = 83CBB9F71A601CBA00E9B192 /* Project object */;
}
